
Microsoft Visual Studio Solution File, Format Version 12.00
# Visual Studio Version 16
VisualStudioVersion = 16.0.34931.43
MinimumVisualStudioVersion = 10.0.40219.1
Project("{FAE04EC0-301F-11D3-BF4B-00C04F79EFBC}") = "sample", "sample\sample.csproj", "{28065286-06D4-46A5-A216-DC37E25880F3}"
EndProject
Global
	GlobalSection(SolutionConfigurationPlatforms) = preSolution
		Debug|Any CPU = Debug|Any CPU
		Release|Any CPU = Release|Any CPU
	EndGlobalSection
	GlobalSection(ProjectConfigurationPlatforms) = postSolution
		{28065286-06D4-46A5-A216-DC37E25880F3}.Debug|Any CPU.ActiveCfg = Debug|Any CPU
		{28065286-06D4-46A5-A216-DC37E25880F3}.Debug|Any CPU.Build.0 = Debug|Any CPU
		{28065286-06D4-46A5-A216-DC37E25880F3}.Release|Any CPU.ActiveCfg = Release|Any CPU
		{28065286-06D4-46A5-A216-DC37E25880F3}.Release|Any CPU.Build.0 = Release|Any CPU
	EndGlobalSection
	GlobalSection(SolutionProperties) = preSolution
		HideSolutionNode = FALSE
	EndGlobalSection
	GlobalSection(ExtensibilityGlobals) = postSolution
		SolutionGuid = {C020EC9A-135C-476D-90C9-359CF089CB0F}
	EndGlobalSection
EndGlobal
